// !$*UTF8*$!
{
	archiveVersion = 1;
	classes = {
	};
	objectVersion = 50;
	objects = {

/* Begin PBXBuildFile section */
		973D959221A9A03100E78B83 /* AppDelegate.swift in Sources */ = {isa = PBXBuildFile; fileRef = 973D959121A9A03100E78B83 /* AppDelegate.swift */; };
		973D959421A9A03100E78B83 /* ViewController.swift in Sources */ = {isa = PBXBuildFile; fileRef = 973D959321A9A03100E78B83 /* ViewController.swift */; };
		973D959721A9A03100E78B83 /* Main.storyboard in Resources */ = {isa = PBXBuildFile; fileRef = 973D959521A9A03100E78B83 /* Main.storyboard */; };
		973D959A21A9A03100E78B83 /* Bookshop.xcdatamodeld in Sources */ = {isa = PBXBuildFile; fileRef = 973D959821A9A03100E78B83 /* Bookshop.xcdatamodeld */; };
		973D959C21A9A03200E78B83 /* Assets.xcassets in Resources */ = {isa = PBXBuildFile; fileRef = 973D959B21A9A03200E78B83 /* Assets.xcassets */; };
		973D959F21A9A03200E78B83 /* LaunchScreen.storyboard in Resources */ = {isa = PBXBuildFile; fileRef = 973D959D21A9A03200E78B83 /* LaunchScreen.storyboard */; };
/* End PBXBuildFile section */

/* Begin PBXFileReference section */
		973D958E21A9A03100E78B83 /* Bookshop.app */ = {isa = PBXFileReference; explicitFileType = wrapper.application; includeInIndex = 0; path = Bookshop.app; sourceTree = BUILT_PRODUCTS_DIR; };
		973D959121A9A03100E78B83 /* AppDelegate.swift */ = {isa = PBXFileReference; lastKnownFileType = sourcecode.swift; path = AppDelegate.swift; sourceTree = "<group>"; };
		973D959321A9A03100E78B83 /* ViewController.swift */ = {isa = PBXFileReference; lastKnownFileType = sourcecode.swift; path = ViewController.swift; sourceTree = "<group>"; };
		973D959621A9A03100E78B83 /* Base */ = {isa = PBXFileReference; lastKnownFileType = file.storyboard; name = Base; path = Base.lproj/Main.storyboard; sourceTree = "<group>"; };
		973D959921A9A03100E78B83 /* Bookshop.xcdatamodel */ = {isa = PBXFileReference; lastKnownFileType = wrapper.xcdatamodel; path = Bookshop.xcdatamodel; sourceTree = "<group>"; };
		973D959B21A9A03200E78B83 /* Assets.xcassets */ = {isa = PBXFileReference; lastKnownFileType = folder.assetcatalog; path = Assets.xcassets; sourceTree = "<group>"; };
		973D959E21A9A03200E78B83 /* Base */ = {isa = PBXFileReference; lastKnownFileType = file.storyboard; name = Base; path = Base.lproj/LaunchScreen.storyboard; sourceTree = "<group>"; };
		973D95A021A9A03200E78B83 /* Info.plist */ = {isa = PBXFileReference; lastKnownFileType = text.plist.xml; path = Info.plist; sourceTree = "<group>"; };
/* End PBXFileReference section */

/* Begin PBXFrameworksBuildPhase section */
		973D958B21A9A03100E78B83 /* Frameworks */ = {
			isa = PBXFrameworksBuildPhase;
			buildActionMask = 2147483647;
			files = (
			);
			runOnlyForDeploymentPostprocessing = 0;
		};
/* End PBXFrameworksBuildPhase section */

/* Begin PBXGroup section */
		973D958521A9A03100E78B83 = {
			isa = PBXGroup;
			children = (
				973D959021A9A03100E78B83 /* Bookshop */,
				973D958F21A9A03100E78B83 /* Products */,
			);
			sourceTree = "<group>";
		};
		973D958F21A9A03100E78B83 /* Products */ = {
			isa = PBXGroup;
			children = (
				973D958E21A9A03100E78B83 /* Bookshop.app */,
			);
			name = Products;
			sourceTree = "<group>";
		};
		973D959021A9A03100E78B83 /* Bookshop */ = {
			isa = PBXGroup;
			children = (
				973D959121A9A03100E78B83 /* AppDelegate.swift */,
				973D959321A9A03100E78B83 /* ViewController.swift */,
				973D959521A9A03100E78B83 /* Main.storyboard */,
				973D959B21A9A03200E78B83 /* Assets.xcassets */,
				973D959D21A9A03200E78B83 /* LaunchScreen.storyboard */,
				973D95A021A9A03200E78B83 /* Info.plist */,
				973D959821A9A03100E78B83 /* Bookshop.xcdatamodeld */,
			);
			path = Bookshop;
			sourceTree = "<group>";
		};
/* End PBXGroup section */

/* Begin PBXNativeTarget section */
		973D958D21A9A03100E78B83 /* Bookshop */ = {
			isa = PBXNativeTarget;
			buildConfigurationList = 973D95A321A9A03200E78B83 /* Build configuration list for PBXNativeTarget "Bookshop" */;
			buildPhases = (
				973D958A21A9A03100E78B83 /* Sources */,
				973D958B21A9A03100E78B83 /* Frameworks */,
				973D958C21A9A03100E78B83 /* Resources */,
			);
			buildRules = (
			);
			dependencies = (
			);
			name = Bookshop;
			productName = Bookshop;
			productReference = 973D958E21A9A03100E78B83 /* Bookshop.app */;
			productType = "com.apple.product-type.application";
		};
/* End PBXNativeTarget section */

/* Begin PBXProject section */
		973D958621A9A03100E78B83 /* Project object */ = {
			isa = PBXProject;
			attributes = {
				LastSwiftUpdateCheck = 1010;
				LastUpgradeCheck = 1010;
				ORGANIZATIONNAME = nimbusek;
				TargetAttributes = {
					973D958D21A9A03100E78B83 = {
						CreatedOnToolsVersion = 10.1;
					};
				};
			};
			buildConfigurationList = 973D958921A9A03100E78B83 /* Build configuration list for PBXProject "Bookshop" */;
			compatibilityVersion = "Xcode 9.3";
			developmentRegion = en;
			hasScannedForEncodings = 0;
			knownRegions = (
				en,
				Base,
			);
			mainGroup = 973D958521A9A03100E78B83;
			productRefGroup = 973D958F21A9A03100E78B83 /* Products */;
			projectDirPath = "";
			projectRoot = "";
			targets = (
				973D958D21A9A03100E78B83 /* Bookshop */,
			);
		};
/* End PBXProject section */

/* Begin PBXResourcesBuildPhase section */
		973D958C21A9A03100E78B83 /* Resources */ = {
			isa = PBXResourcesBuildPhase;
			buildActionMask = 2147483647;
			files = (
				973D959F21A9A03200E78B83 /* LaunchScreen.storyboard in Resources */,
				973D959C21A9A03200E78B83 /* Assets.xcassets in Resources */,
				973D959721A9A03100E78B83 /* Main.storyboard in Resources */,
			);
			runOnlyForDeploymentPostprocessing = 0;
		};
/* End PBXResourcesBuildPhase section */

/* Begin PBXSourcesBuildPhase section */
		973D958A21A9A03100E78B83 /* Sources */ = {
			isa = PBXSourcesBuildPhase;
			buildActionMask = 2147483647;
			files = (
				973D959421A9A03100E78B83 /* ViewController.swift in Sources */,
				973D959221A9A03100E78B83 /* AppDelegate.swift in Sources */,
				973D959A21A9A03100E78B83 /* Bookshop.xcdatamodeld in Sources */,
			);
			runOnlyForDeploymentPostprocessing = 0;
		};
/* End PBXSourcesBuildPhase section */

/* Begin PBXVariantGroup section */
		973D959521A9A03100E78B83 /* Main.storyboard */ = {
			isa = PBXVariantGroup;
			children = (
				973D959621A9A03100E78B83 /* Base */,
			);
			name = Main.storyboard;
			sourceTree = "<group>";
		};
		973D959D21A9A03200E78B83 /* LaunchScreen.storyboard */ = {
			isa = PBXVariantGroup;
			children = (
				973D959E21A9A03200E78B83 /* Base */,
			);
			name = LaunchScreen.storyboard;
			sourceTree = "<group>";
		};
/* End PBXVariantGroup section */

/* Begin XCBuildConfiguration section */
		973D95A121A9A03200E78B83 /* Debug */ = {
			isa = XCBuildConfiguration;
			buildSettings = {
				ALWAYS_SEARCH_USER_PATHS = NO;
				CLANG_ANALYZER_NONNULL = YES;
				CLANG_ANALYZER_NUMBER_OBJECT_CONVERSION = YES_AGGRESSIVE;
				CLANG_CXX_LANGUAGE_STANDARD = "gnu++14";
				CLANG_CXX_LIBRARY = "libc++";
				CLANG_ENABLE_MODULES = YES;
				CLANG_ENABLE_OBJC_ARC = YES;
				CLANG_ENABLE_OBJC_WEAK = YES;
				CLANG_WARN_BLOCK_CAPTURE_AUTORELEASING = YES;
				CLANG_WARN_BOOL_CONVERSION = YES;
				CLANG_WARN_COMMA = YES;
				CLANG_WARN_CONSTANT_CONVERSION = YES;
				CLANG_WARN_DEPRECATED_OBJC_IMPLEMENTATIONS = YES;
				CLANG_WARN_DIRECT_OBJC_ISA_USAGE = YES_ERROR;
				CLANG_WARN_DOCUMENTATION_COMMENTS = YES;
				CLANG_WARN_EMPTY_BODY = YES;
				CLANG_WARN_ENUM_CONVERSION = YES;
				CLANG_WARN_INFINITE_RECURSION = YES;
				CLANG_WARN_INT_CONVERSION = YES;
				CLANG_WARN_NON_LITERAL_NULL_CONVERSION = YES;
				CLANG_WARN_OBJC_IMPLICIT_RETAIN_SELF = YES;
				CLANG_WARN_OBJC_LITERAL_CONVERSION = YES;
				CLANG_WARN_OBJC_ROOT_CLASS = YES_ERROR;
				CLANG_WARN_RANGE_LOOP_ANALYSIS = YES;
				CLANG_WARN_STRICT_PROTOTYPES = YES;
				CLANG_WARN_SUSPICIOUS_MOVE = YES;
				CLANG_WARN_UNGUARDED_AVAILABILITY = YES_AGGRESSIVE;
				CLANG_WARN_UNREACHABLE_CODE = YES;
				CLANG_WARN__DUPLICATE_METHOD_MATCH = YES;
				CODE_SIGN_IDENTITY = "iPhone Developer";
				COPY_PHASE_STRIP = NO;
				DEBUG_INFORMATION_FORMAT = dwarf;
				ENABLE_STRICT_OBJC_MSGSEND = YES;
				ENABLE_TESTABILITY = YES;
				GCC_C_LANGUAGE_STANDARD = gnu11;
				GCC_DYNAMIC_NO_PIC = NO;
				GCC_NO_COMMON_BLOCKS = YES;
				GCC_OPTIMIZATION_LEVEL = 0;
				GCC_PREPROCESSOR_DEFINITIONS = (
					"DEBUG=1",
					"$(inherited)",
				);
				GCC_WARN_64_TO_32_BIT_CONVERSION = YES;
				GCC_WARN_ABOUT_RETURN_TYPE = YES_ERROR;
				GCC_WARN_UNDECLARED_SELECTOR = YES;
				GCC_WARN_UNINITIALIZED_AUTOS = YES_AGGRESSIVE;
				GCC_WARN_UNUSED_FUNCTION = YES;
				GCC_WARN_UNUSED_VARIABLE = YES;
				IPHONEOS_DEPLOYMENT_TARGET = 12.1;
				MTL_ENABLE_DEBUG_INFO = INCLUDE_SOURCE;
				MTL_FAST_MATH = YES;
				ONLY_ACTIVE_ARCH = YES;
				SDKROOT = iphoneos;
				SWIFT_ACTIVE_COMPILATION_CONDITIONS = DEBUG;
				SWIFT_OPTIMIZATION_LEVEL = "-Onone";
			};
			name = Debug;
		};
		973D95A221A9A03200E78B83 /* Release */ = {
			isa = XCBuildConfiguration;
			buildSettings = {
				ALWAYS_SEARCH_USER_PATHS = NO;
				CLANG_ANALYZER_NONNULL = YES;
				CLANG_ANALYZER_NUMBER_OBJECT_CONVERSION = YES_AGGRESSIVE;
				CLANG_CXX_LANGUAGE_STANDARD = "gnu++14";
				CLANG_CXX_LIBRARY = "libc++";
				CLANG_ENABLE_MODULES = YES;
				CLANG_ENABLE_OBJC_ARC = YES;
				CLANG_ENABLE_OBJC_WEAK = YES;
				CLANG_WARN_BLOCK_CAPTURE_AUTORELEASING = YES;
				CLANG_WARN_BOOL_CONVERSION = YES;
				CLANG_WARN_COMMA = YES;
				CLANG_WARN_CONSTANT_CONVERSION = YES;
				CLANG_WARN_DEPRECATED_OBJC_IMPLEMENTATIONS = YES;
				CLANG_WARN_DIRECT_OBJC_ISA_USAGE = YES_ERROR;
				CLANG_WARN_DOCUMENTATION_COMMENTS = YES;
				CLANG_WARN_EMPTY_BODY = YES;
				CLANG_WARN_ENUM_CONVERSION = YES;
				CLANG_WARN_INFINITE_RECURSION = YES;
				CLANG_WARN_INT_CONVERSION = YES;
				CLANG_WARN_NON_LITERAL_NULL_CONVERSION = YES;
				CLANG_WARN_OBJC_IMPLICIT_RETAIN_SELF = YES;
				CLANG_WARN_OBJC_LITERAL_CONVERSION = YES;
				CLANG_WARN_OBJC_ROOT_CLASS = YES_ERROR;
				CLANG_WARN_RANGE_LOOP_ANALYSIS = YES;
				CLANG_WARN_STRICT_PROTOTYPES = YES;
				CLANG_WARN_SUSPICIOUS_MOVE = YES;
				CLANG_WARN_UNGUARDED_AVAILABILITY = YES_AGGRESSIVE;
				CLANG_WARN_UNREACHABLE_CODE = YES;
				CLANG_WARN__DUPLICATE_METHOD_MATCH = YES;
				CODE_SIGN_IDENTITY = "iPhone Developer";
				COPY_PHASE_STRIP = NO;
				DEBUG_INFORMATION_FORMAT = "dwarf-with-dsym";
				ENABLE_NS_ASSERTIONS = NO;
				ENABLE_STRICT_OBJC_MSGSEND = YES;
				GCC_C_LANGUAGE_STANDARD = gnu11;
				GCC_NO_COMMON_BLOCKS = YES;
				GCC_WARN_64_TO_32_BIT_CONVERSION = YES;
				GCC_WARN_ABOUT_RETURN_TYPE = YES_ERROR;
				GCC_WARN_UNDECLARED_SELECTOR = YES;
				GCC_WARN_UNINITIALIZED_AUTOS = YES_AGGRESSIVE;
				GCC_WARN_UNUSED_FUNCTION = YES;
				GCC_WARN_UNUSED_VARIABLE = YES;
				IPHONEOS_DEPLOYMENT_TARGET = 12.1;
				MTL_ENABLE_DEBUG_INFO = NO;
				MTL_FAST_MATH = YES;
				SDKROOT = iphoneos;
				SWIFT_COMPILATION_MODE = wholemodule;
				SWIFT_OPTIMIZATION_LEVEL = "-O";
				VALIDATE_PRODUCT = YES;
			};
			name = Release;
		};
		973D95A421A9A03200E78B83 /* Debug */ = {
			isa = XCBuildConfiguration;
			buildSettings = {
				ASSETCATALOG_COMPILER_APPICON_NAME = AppIcon;
				CODE_SIGN_STYLE = Automatic;
				DEVELOPMENT_TEAM = M7Y5T3629J;
				INFOPLIST_FILE = Bookshop/Info.plist;
				LD_RUNPATH_SEARCH_PATHS = (
					"$(inherited)",
					"@executable_path/Frameworks",
				);
				PRODUCT_BUNDLE_IDENTIFIER = com.nimbusek.Bookshop;
				PRODUCT_NAME = "$(TARGET_NAME)";
				SWIFT_VERSION = 4.2;
				TARGETED_DEVICE_FAMILY = "1,2";
			};
			name = Debug;
		};
		973D95A521A9A03200E78B83 /* Release */ = {
			isa = XCBuildConfiguration;
			buildSettings = {
				ASSETCATALOG_COMPILER_APPICON_NAME = AppIcon;
				CODE_SIGN_STYLE = Automatic;
				DEVELOPMENT_TEAM = M7Y5T3629J;
				INFOPLIST_FILE = Bookshop/Info.plist;
				LD_RUNPATH_SEARCH_PATHS = (
					"$(inherited)",
					"@executable_path/Frameworks",
				);
				PRODUCT_BUNDLE_IDENTIFIER = com.nimbusek.Bookshop;
				PRODUCT_NAME = "$(TARGET_NAME)";
				SWIFT_VERSION = 4.2;
				TARGETED_DEVICE_FAMILY = "1,2";
			};
			name = Release;
		};
/* End XCBuildConfiguration section */

/* Begin XCConfigurationList section */
		973D958921A9A03100E78B83 /* Build configuration list for PBXProject "Bookshop" */ = {
			isa = XCConfigurationList;
			buildConfigurations = (
				973D95A121A9A03200E78B83 /* Debug */,
				973D95A221A9A03200E78B83 /* Release */,
			);
			defaultConfigurationIsVisible = 0;
			defaultConfigurationName = Release;
		};
		973D95A321A9A03200E78B83 /* Build configuration list for PBXNativeTarget "Bookshop" */ = {
			isa = XCConfigurationList;
			buildConfigurations = (
				973D95A421A9A03200E78B83 /* Debug */,
				973D95A521A9A03200E78B83 /* Release */,
			);
			defaultConfigurationIsVisible = 0;
			defaultConfigurationName = Release;
		};
/* End XCConfigurationList section */

/* Begin XCVersionGroup section */
		973D959821A9A03100E78B83 /* Bookshop.xcdatamodeld */ = {
			isa = XCVersionGroup;
			children = (
				973D959921A9A03100E78B83 /* Bookshop.xcdatamodel */,
			);
			currentVersion = 973D959921A9A03100E78B83 /* Bookshop.xcdatamodel */;
			path = Bookshop.xcdatamodeld;
			sourceTree = "<group>";
			versionGroupType = wrapper.xcdatamodel;
		};
/* End XCVersionGroup section */
	};
	rootObject = 973D958621A9A03100E78B83 /* Project object */;
}
